
Microsoft Visual Studio Solution File, Format Version 12.00
# Visual Studio Version 17
VisualStudioVersion = 17.9.34622.214
MinimumVisualStudioVersion = 10.0.40219.1
Project("{FAE04EC0-301F-11D3-BF4B-00C04F79EFBC}") = "ECommerceFeedback", "ECommerceFeedback.csproj", "{2626171D-DE06-4854-A2ED-DC5E73F13054}"
EndProject
Project("{FAE04EC0-301F-11D3-BF4B-00C04F79EFBC}") = "ECommerceFeedback.Test", "..\ECommerceFeedback.Test\ECommerceFeedback.Test.csproj", "{BD56A581-81BC-44F4-BEE4-E236685656DF}"
EndProject
Global
	GlobalSection(SolutionConfigurationPlatforms) = preSolution
		Debug|Any CPU = Debug|Any CPU
		Release|Any CPU = Release|Any CPU
	EndGlobalSection
	GlobalSection(ProjectConfigurationPlatforms) = postSolution
		{2626171D-DE06-4854-A2ED-DC5E73F13054}.Debug|Any CPU.ActiveCfg = Debug|Any CPU
		{2626171D-DE06-4854-A2ED-DC5E73F13054}.Debug|Any CPU.Build.0 = Debug|Any CPU
		{2626171D-DE06-4854-A2ED-DC5E73F13054}.Release|Any CPU.ActiveCfg = Release|Any CPU
		{2626171D-DE06-4854-A2ED-DC5E73F13054}.Release|Any CPU.Build.0 = Release|Any CPU
		{BD56A581-81BC-44F4-BEE4-E236685656DF}.Debug|Any CPU.ActiveCfg = Debug|Any CPU
		{BD56A581-81BC-44F4-BEE4-E236685656DF}.Debug|Any CPU.Build.0 = Debug|Any CPU
		{BD56A581-81BC-44F4-BEE4-E236685656DF}.Release|Any CPU.ActiveCfg = Release|Any CPU
		{BD56A581-81BC-44F4-BEE4-E236685656DF}.Release|Any CPU.Build.0 = Release|Any CPU
	EndGlobalSection
	GlobalSection(SolutionProperties) = preSolution
		HideSolutionNode = FALSE
	EndGlobalSection
	GlobalSection(ExtensibilityGlobals) = postSolution
		SolutionGuid = {94862311-B787-4B5A-A60F-E45464BA7138}
	EndGlobalSection
EndGlobal
